
Microsoft Visual Studio Solution File, Format Version 10.00
# Visual Studio 2008
Project("{FAE04EC0-301F-11D3-BF4B-00C04F79EFBC}") = "NyARToolkitCS.WindowsMobile5", "NyARToolkitCS.WindowsMobile5\NyARToolkitCS.WindowsMobile5.csproj", "{EF09E3D5-B9D3-417B-9A94-C35B87FE5634}"
EndProject
Project("{FAE04EC0-301F-11D3-BF4B-00C04F79EFBC}") = "NyARToolkitCSUtils.WindowsMobile5", "NyARToolkitCSUtils.WindowsMobile5\NyARToolkitCSUtils.WindowsMobile5.csproj", "{22F41719-6274-4F01-9DB8-D30500FFEF32}"
EndProject
Project("{FAE04EC0-301F-11D3-BF4B-00C04F79EFBC}") = "SimpleLiteDirect3d.WindowsMobile5", "SimpleLiteDirect3d.WindowsMobile5\SimpleLiteDirect3d.WindowsMobile5.csproj", "{9B2B0E64-37D7-40FE-AE54-D04116A71E8A}"
EndProject
Project("{FAE04EC0-301F-11D3-BF4B-00C04F79EFBC}") = "NyWMCaptureCS", "..\extlib\NyWMCapture\inc.cs\NyWMCaptureCS\NyWMCaptureCS.csproj", "{1E0E5B5A-7B06-4B6A-AE42-383CCB83F746}"
EndProject
Global
	GlobalSection(SolutionConfigurationPlatforms) = preSolution
		Debug|Any CPU = Debug|Any CPU
		Release|Any CPU = Release|Any CPU
	EndGlobalSection
	GlobalSection(ProjectConfigurationPlatforms) = postSolution
		{EF09E3D5-B9D3-417B-9A94-C35B87FE5634}.Debug|Any CPU.ActiveCfg = Debug|Any CPU
		{EF09E3D5-B9D3-417B-9A94-C35B87FE5634}.Debug|Any CPU.Build.0 = Debug|Any CPU
		{EF09E3D5-B9D3-417B-9A94-C35B87FE5634}.Release|Any CPU.ActiveCfg = Release|Any CPU
		{EF09E3D5-B9D3-417B-9A94-C35B87FE5634}.Release|Any CPU.Build.0 = Release|Any CPU
		{22F41719-6274-4F01-9DB8-D30500FFEF32}.Debug|Any CPU.ActiveCfg = Debug|Any CPU
		{22F41719-6274-4F01-9DB8-D30500FFEF32}.Debug|Any CPU.Build.0 = Debug|Any CPU
		{22F41719-6274-4F01-9DB8-D30500FFEF32}.Release|Any CPU.ActiveCfg = Release|Any CPU
		{22F41719-6274-4F01-9DB8-D30500FFEF32}.Release|Any CPU.Build.0 = Release|Any CPU
		{9B2B0E64-37D7-40FE-AE54-D04116A71E8A}.Debug|Any CPU.ActiveCfg = Debug|Any CPU
		{9B2B0E64-37D7-40FE-AE54-D04116A71E8A}.Debug|Any CPU.Build.0 = Debug|Any CPU
		{9B2B0E64-37D7-40FE-AE54-D04116A71E8A}.Debug|Any CPU.Deploy.0 = Debug|Any CPU
		{9B2B0E64-37D7-40FE-AE54-D04116A71E8A}.Release|Any CPU.ActiveCfg = Release|Any CPU
		{9B2B0E64-37D7-40FE-AE54-D04116A71E8A}.Release|Any CPU.Build.0 = Release|Any CPU
		{9B2B0E64-37D7-40FE-AE54-D04116A71E8A}.Release|Any CPU.Deploy.0 = Release|Any CPU
		{1E0E5B5A-7B06-4B6A-AE42-383CCB83F746}.Debug|Any CPU.ActiveCfg = Debug|Any CPU
		{1E0E5B5A-7B06-4B6A-AE42-383CCB83F746}.Debug|Any CPU.Build.0 = Debug|Any CPU
		{1E0E5B5A-7B06-4B6A-AE42-383CCB83F746}.Release|Any CPU.ActiveCfg = Release|Any CPU
		{1E0E5B5A-7B06-4B6A-AE42-383CCB83F746}.Release|Any CPU.Build.0 = Release|Any CPU
	EndGlobalSection
	GlobalSection(SolutionProperties) = preSolution
		HideSolutionNode = FALSE
	EndGlobalSection
EndGlobal
