
Microsoft Visual Studio Solution File, Format Version 12.00
# Visual Studio Express 2013 for Windows Desktop
VisualStudioVersion = 12.0.40629.0
MinimumVisualStudioVersion = 10.0.40219.1
Project("{2150E333-8FDC-42A3-9474-1A3956D46DE8}") = "Sample", "Sample", "{81BC8268-B798-4863-BD7A-32B6BC4AF7E4}"
EndProject
Project("{2150E333-8FDC-42A3-9474-1A3956D46DE8}") = "test", "test", "{119000A6-3783-4276-805B-DC59B96EA51B}"
EndProject
Project("{2150E333-8FDC-42A3-9474-1A3956D46DE8}") = "old", "old", "{011C09A5-0A95-4EB7-99BB-EB5E3FB0B97C}"
EndProject
Project("{2150E333-8FDC-42A3-9474-1A3956D46DE8}") = "sketch(current)", "sketch(current)", "{ADBA2F98-B563-4258-85D1-5A965675C043}"
EndProject
Project("{FAE04EC0-301F-11D3-BF4B-00C04F79EFBC}") = "NyARToolkitCS", "NyARToolkitCS\NyARToolkitCS.csproj", "{80391577-476D-4DAD-A4F8-F03C726ACBD8}"
EndProject
Project("{FAE04EC0-301F-11D3-BF4B-00C04F79EFBC}") = "NyARToolkitCSUtils", "NyARToolkitCSUtils\NyARToolkitCSUtils.csproj", "{1D202933-65C8-4568-9756-87E57D294132}"
EndProject
Project("{FAE04EC0-301F-11D3-BF4B-00C04F79EFBC}") = "SimpleLiteDirect3d", "sample\SimpleLiteDirect3d\SimpleLiteDirect3d.csproj", "{9E518563-40C4-41CD-98E4-480C952DA123}"
	ProjectSection(ProjectDependencies) = postProject
		{1D202933-65C8-4568-9756-87E57D294132} = {1D202933-65C8-4568-9756-87E57D294132}
	EndProjectSection
EndProject
Project("{FAE04EC0-301F-11D3-BF4B-00C04F79EFBC}") = "RawTest", "sample\RawTest\RawTest.csproj", "{48C07866-FB0A-4FD7-8142-6955BD62E7B0}"
EndProject
Project("{FAE04EC0-301F-11D3-BF4B-00C04F79EFBC}") = "NyARToolkitCS.sandbox", "NyARToolkitCS.sandbox\NyARToolkitCS.sandbox.csproj", "{07B19A8B-33C7-4234-8FF6-2FF240B819AA}"
	ProjectSection(ProjectDependencies) = postProject
		{1D202933-65C8-4568-9756-87E57D294132} = {1D202933-65C8-4568-9756-87E57D294132}
		{80391577-476D-4DAD-A4F8-F03C726ACBD8} = {80391577-476D-4DAD-A4F8-F03C726ACBD8}
	EndProjectSection
EndProject
Project("{FAE04EC0-301F-11D3-BF4B-00C04F79EFBC}") = "SingleNyIdMarkerDirect3d", "sample\SingleNyIdMarkerDirect3d\SingleNyIdMarkerDirect3d.csproj", "{58DB6E91-4B1F-4C08-8925-E02A79708272}"
EndProject
Project("{FAE04EC0-301F-11D3-BF4B-00C04F79EFBC}") = "CaptureTest", "sample\CaptureTest\CaptureTest.csproj", "{BAB42EC0-98F1-464E-AB3D-39B1E7FE0AB3}"
EndProject
Project("{FAE04EC0-301F-11D3-BF4B-00C04F79EFBC}") = "SingleARMarkerDirect3d", "sample\SingleARMarker\SingleARMarkerDirect3d.csproj", "{0A33E3B7-E3B8-425C-B8F9-BFEE8DC1850F}"
EndProject
Project("{FAE04EC0-301F-11D3-BF4B-00C04F79EFBC}") = "SimpleLite_ImageSource", "sample\SimpleLite_ImageSource\SimpleLite_ImageSource.csproj", "{788FC1F6-0E4F-4989-B085-5BAFE98AFC3C}"
EndProject
Project("{FAE04EC0-301F-11D3-BF4B-00C04F79EFBC}") = "NyARToolkitCS.markersystem", "NyARToolkitCS.markersystem\NyARToolkitCS.markersystem.csproj", "{AEE9408B-7E03-42AD-A0D9-A5B7F2D20B3C}"
EndProject
Project("{FAE04EC0-301F-11D3-BF4B-00C04F79EFBC}") = "MarkerPlane", "sample\MarkerPlane\MarkerPlane.csproj", "{60A03F8A-ED9C-4592-80D2-F282A060B022}"
EndProject
Project("{FAE04EC0-301F-11D3-BF4B-00C04F79EFBC}") = "SimpleLite", "sample\SimpleLite\SimpleLite.csproj", "{4AF2996B-2068-4B8C-8470-BD16D900F0F8}"
EndProject
Project("{FAE04EC0-301F-11D3-BF4B-00C04F79EFBC}") = "ImagePickup", "sample\ImagePickup\ImagePickup.csproj", "{C71CF6FD-F05E-4F5F-A1FF-51F4728F4F0B}"
EndProject
Project("{FAE04EC0-301F-11D3-BF4B-00C04F79EFBC}") = "SimpleLiteForm", "sample\SimpleLiteForm\SimpleLiteForm.csproj", "{30925E67-3B3B-4360-8202-AD537CB75E94}"
EndProject
Project("{FAE04EC0-301F-11D3-BF4B-00C04F79EFBC}") = "SimpleLiteM", "sample\SimpleLiteM\SimpleLiteM.csproj", "{09EBFAAF-00E8-48AE-B9B6-6973504DDAD6}"
EndProject
Project("{FAE04EC0-301F-11D3-BF4B-00C04F79EFBC}") = "SimpleLite_ImageSource2", "sample\SimpleLite_ImageSource2\SimpleLite_ImageSource2.csproj", "{B90A8360-A7E0-4A66-AEAD-55B53C6EA96D}"
EndProject
Project("{FAE04EC0-301F-11D3-BF4B-00C04F79EFBC}") = "Test_Kpmbenchmark", "sample\Test_Kpmbenchmark\Test_Kpmbenchmark.csproj", "{5E3AE024-DB58-4933-9285-891D4FEB9383}"
EndProject
Project("{FAE04EC0-301F-11D3-BF4B-00C04F79EFBC}") = "SimpleNFT", "sample\SimpleNFT\SimpleNFT.csproj", "{736CE8EA-1A06-42B6-9D49-59061A4F16A2}"
EndProject
Project("{FAE04EC0-301F-11D3-BF4B-00C04F79EFBC}") = "Test_SurfaceTracking", "sample\Test_SurfaceTracking\Test_SurfaceTracking.csproj", "{04888D89-A145-44E7-B357-C14E9C8B5958}"
EndProject
Global
	GlobalSection(SolutionConfigurationPlatforms) = preSolution
		Debug|Any CPU = Debug|Any CPU
		Debug|Mixed Platforms = Debug|Mixed Platforms
		Debug|Win32 = Debug|Win32
		Release|Any CPU = Release|Any CPU
		Release|Mixed Platforms = Release|Mixed Platforms
		Release|Win32 = Release|Win32
	EndGlobalSection
	GlobalSection(ProjectConfigurationPlatforms) = postSolution
		{80391577-476D-4DAD-A4F8-F03C726ACBD8}.Debug|Any CPU.ActiveCfg = Debug|Any CPU
		{80391577-476D-4DAD-A4F8-F03C726ACBD8}.Debug|Any CPU.Build.0 = Debug|Any CPU
		{80391577-476D-4DAD-A4F8-F03C726ACBD8}.Debug|Mixed Platforms.ActiveCfg = Debug|Any CPU
		{80391577-476D-4DAD-A4F8-F03C726ACBD8}.Debug|Mixed Platforms.Build.0 = Debug|Any CPU
		{80391577-476D-4DAD-A4F8-F03C726ACBD8}.Debug|Win32.ActiveCfg = Debug|Any CPU
		{80391577-476D-4DAD-A4F8-F03C726ACBD8}.Release|Any CPU.ActiveCfg = Release|Any CPU
		{80391577-476D-4DAD-A4F8-F03C726ACBD8}.Release|Any CPU.Build.0 = Release|Any CPU
		{80391577-476D-4DAD-A4F8-F03C726ACBD8}.Release|Mixed Platforms.ActiveCfg = Release|Any CPU
		{80391577-476D-4DAD-A4F8-F03C726ACBD8}.Release|Mixed Platforms.Build.0 = Release|Any CPU
		{80391577-476D-4DAD-A4F8-F03C726ACBD8}.Release|Win32.ActiveCfg = Release|Any CPU
		{1D202933-65C8-4568-9756-87E57D294132}.Debug|Any CPU.ActiveCfg = Debug|Any CPU
		{1D202933-65C8-4568-9756-87E57D294132}.Debug|Any CPU.Build.0 = Debug|Any CPU
		{1D202933-65C8-4568-9756-87E57D294132}.Debug|Mixed Platforms.ActiveCfg = Debug|Any CPU
		{1D202933-65C8-4568-9756-87E57D294132}.Debug|Mixed Platforms.Build.0 = Debug|Any CPU
		{1D202933-65C8-4568-9756-87E57D294132}.Debug|Win32.ActiveCfg = Debug|Any CPU
		{1D202933-65C8-4568-9756-87E57D294132}.Release|Any CPU.ActiveCfg = Release|Any CPU
		{1D202933-65C8-4568-9756-87E57D294132}.Release|Any CPU.Build.0 = Release|Any CPU
		{1D202933-65C8-4568-9756-87E57D294132}.Release|Mixed Platforms.ActiveCfg = Release|Any CPU
		{1D202933-65C8-4568-9756-87E57D294132}.Release|Mixed Platforms.Build.0 = Release|Any CPU
		{1D202933-65C8-4568-9756-87E57D294132}.Release|Win32.ActiveCfg = Release|Any CPU
		{9E518563-40C4-41CD-98E4-480C952DA123}.Debug|Any CPU.ActiveCfg = Debug|Any CPU
		{9E518563-40C4-41CD-98E4-480C952DA123}.Debug|Any CPU.Build.0 = Debug|Any CPU
		{9E518563-40C4-41CD-98E4-480C952DA123}.Debug|Mixed Platforms.ActiveCfg = Debug|Any CPU
		{9E518563-40C4-41CD-98E4-480C952DA123}.Debug|Mixed Platforms.Build.0 = Debug|Any CPU
		{9E518563-40C4-41CD-98E4-480C952DA123}.Debug|Win32.ActiveCfg = Debug|Any CPU
		{9E518563-40C4-41CD-98E4-480C952DA123}.Release|Any CPU.ActiveCfg = Release|Any CPU
		{9E518563-40C4-41CD-98E4-480C952DA123}.Release|Any CPU.Build.0 = Release|Any CPU
		{9E518563-40C4-41CD-98E4-480C952DA123}.Release|Mixed Platforms.ActiveCfg = Release|Any CPU
		{9E518563-40C4-41CD-98E4-480C952DA123}.Release|Mixed Platforms.Build.0 = Release|Any CPU
		{9E518563-40C4-41CD-98E4-480C952DA123}.Release|Win32.ActiveCfg = Release|Any CPU
		{48C07866-FB0A-4FD7-8142-6955BD62E7B0}.Debug|Any CPU.ActiveCfg = Debug|Any CPU
		{48C07866-FB0A-4FD7-8142-6955BD62E7B0}.Debug|Any CPU.Build.0 = Debug|Any CPU
		{48C07866-FB0A-4FD7-8142-6955BD62E7B0}.Debug|Mixed Platforms.ActiveCfg = Debug|Any CPU
		{48C07866-FB0A-4FD7-8142-6955BD62E7B0}.Debug|Mixed Platforms.Build.0 = Debug|Any CPU
		{48C07866-FB0A-4FD7-8142-6955BD62E7B0}.Debug|Win32.ActiveCfg = Debug|Any CPU
		{48C07866-FB0A-4FD7-8142-6955BD62E7B0}.Release|Any CPU.ActiveCfg = Release|Any CPU
		{48C07866-FB0A-4FD7-8142-6955BD62E7B0}.Release|Any CPU.Build.0 = Release|Any CPU
		{48C07866-FB0A-4FD7-8142-6955BD62E7B0}.Release|Mixed Platforms.ActiveCfg = Release|Any CPU
		{48C07866-FB0A-4FD7-8142-6955BD62E7B0}.Release|Mixed Platforms.Build.0 = Release|Any CPU
		{48C07866-FB0A-4FD7-8142-6955BD62E7B0}.Release|Win32.ActiveCfg = Release|Any CPU
		{07B19A8B-33C7-4234-8FF6-2FF240B819AA}.Debug|Any CPU.ActiveCfg = Debug|Any CPU
		{07B19A8B-33C7-4234-8FF6-2FF240B819AA}.Debug|Any CPU.Build.0 = Debug|Any CPU
		{07B19A8B-33C7-4234-8FF6-2FF240B819AA}.Debug|Mixed Platforms.ActiveCfg = Debug|Any CPU
		{07B19A8B-33C7-4234-8FF6-2FF240B819AA}.Debug|Mixed Platforms.Build.0 = Debug|Any CPU
		{07B19A8B-33C7-4234-8FF6-2FF240B819AA}.Debug|Win32.ActiveCfg = Debug|Any CPU
		{07B19A8B-33C7-4234-8FF6-2FF240B819AA}.Release|Any CPU.ActiveCfg = Release|Any CPU
		{07B19A8B-33C7-4234-8FF6-2FF240B819AA}.Release|Any CPU.Build.0 = Release|Any CPU
		{07B19A8B-33C7-4234-8FF6-2FF240B819AA}.Release|Mixed Platforms.ActiveCfg = Release|Any CPU
		{07B19A8B-33C7-4234-8FF6-2FF240B819AA}.Release|Mixed Platforms.Build.0 = Release|Any CPU
		{07B19A8B-33C7-4234-8FF6-2FF240B819AA}.Release|Win32.ActiveCfg = Release|Any CPU
		{58DB6E91-4B1F-4C08-8925-E02A79708272}.Debug|Any CPU.ActiveCfg = Debug|Any CPU
		{58DB6E91-4B1F-4C08-8925-E02A79708272}.Debug|Any CPU.Build.0 = Debug|Any CPU
		{58DB6E91-4B1F-4C08-8925-E02A79708272}.Debug|Mixed Platforms.ActiveCfg = Debug|Any CPU
		{58DB6E91-4B1F-4C08-8925-E02A79708272}.Debug|Mixed Platforms.Build.0 = Debug|Any CPU
		{58DB6E91-4B1F-4C08-8925-E02A79708272}.Debug|Win32.ActiveCfg = Debug|Any CPU
		{58DB6E91-4B1F-4C08-8925-E02A79708272}.Release|Any CPU.ActiveCfg = Release|Any CPU
		{58DB6E91-4B1F-4C08-8925-E02A79708272}.Release|Any CPU.Build.0 = Release|Any CPU
		{58DB6E91-4B1F-4C08-8925-E02A79708272}.Release|Mixed Platforms.ActiveCfg = Release|Any CPU
		{58DB6E91-4B1F-4C08-8925-E02A79708272}.Release|Mixed Platforms.Build.0 = Release|Any CPU
		{58DB6E91-4B1F-4C08-8925-E02A79708272}.Release|Win32.ActiveCfg = Release|Any CPU
		{BAB42EC0-98F1-464E-AB3D-39B1E7FE0AB3}.Debug|Any CPU.ActiveCfg = Debug|Any CPU
		{BAB42EC0-98F1-464E-AB3D-39B1E7FE0AB3}.Debug|Any CPU.Build.0 = Debug|Any CPU
		{BAB42EC0-98F1-464E-AB3D-39B1E7FE0AB3}.Debug|Mixed Platforms.ActiveCfg = Debug|Any CPU
		{BAB42EC0-98F1-464E-AB3D-39B1E7FE0AB3}.Debug|Mixed Platforms.Build.0 = Debug|Any CPU
		{BAB42EC0-98F1-464E-AB3D-39B1E7FE0AB3}.Debug|Win32.ActiveCfg = Debug|Any CPU
		{BAB42EC0-98F1-464E-AB3D-39B1E7FE0AB3}.Release|Any CPU.ActiveCfg = Release|Any CPU
		{BAB42EC0-98F1-464E-AB3D-39B1E7FE0AB3}.Release|Any CPU.Build.0 = Release|Any CPU
		{BAB42EC0-98F1-464E-AB3D-39B1E7FE0AB3}.Release|Mixed Platforms.ActiveCfg = Release|Any CPU
		{BAB42EC0-98F1-464E-AB3D-39B1E7FE0AB3}.Release|Mixed Platforms.Build.0 = Release|Any CPU
		{BAB42EC0-98F1-464E-AB3D-39B1E7FE0AB3}.Release|Win32.ActiveCfg = Release|Any CPU
		{0A33E3B7-E3B8-425C-B8F9-BFEE8DC1850F}.Debug|Any CPU.ActiveCfg = Debug|Any CPU
		{0A33E3B7-E3B8-425C-B8F9-BFEE8DC1850F}.Debug|Any CPU.Build.0 = Debug|Any CPU
		{0A33E3B7-E3B8-425C-B8F9-BFEE8DC1850F}.Debug|Mixed Platforms.ActiveCfg = Debug|Any CPU
		{0A33E3B7-E3B8-425C-B8F9-BFEE8DC1850F}.Debug|Mixed Platforms.Build.0 = Debug|Any CPU
		{0A33E3B7-E3B8-425C-B8F9-BFEE8DC1850F}.Debug|Win32.ActiveCfg = Debug|Any CPU
		{0A33E3B7-E3B8-425C-B8F9-BFEE8DC1850F}.Release|Any CPU.ActiveCfg = Release|Any CPU
		{0A33E3B7-E3B8-425C-B8F9-BFEE8DC1850F}.Release|Any CPU.Build.0 = Release|Any CPU
		{0A33E3B7-E3B8-425C-B8F9-BFEE8DC1850F}.Release|Mixed Platforms.ActiveCfg = Release|Any CPU
		{0A33E3B7-E3B8-425C-B8F9-BFEE8DC1850F}.Release|Mixed Platforms.Build.0 = Release|Any CPU
		{0A33E3B7-E3B8-425C-B8F9-BFEE8DC1850F}.Release|Win32.ActiveCfg = Release|Any CPU
		{788FC1F6-0E4F-4989-B085-5BAFE98AFC3C}.Debug|Any CPU.ActiveCfg = Debug|Any CPU
		{788FC1F6-0E4F-4989-B085-5BAFE98AFC3C}.Debug|Any CPU.Build.0 = Debug|Any CPU
		{788FC1F6-0E4F-4989-B085-5BAFE98AFC3C}.Debug|Mixed Platforms.ActiveCfg = Debug|Any CPU
		{788FC1F6-0E4F-4989-B085-5BAFE98AFC3C}.Debug|Mixed Platforms.Build.0 = Debug|Any CPU
		{788FC1F6-0E4F-4989-B085-5BAFE98AFC3C}.Debug|Win32.ActiveCfg = Debug|Any CPU
		{788FC1F6-0E4F-4989-B085-5BAFE98AFC3C}.Release|Any CPU.ActiveCfg = Release|Any CPU
		{788FC1F6-0E4F-4989-B085-5BAFE98AFC3C}.Release|Any CPU.Build.0 = Release|Any CPU
		{788FC1F6-0E4F-4989-B085-5BAFE98AFC3C}.Release|Mixed Platforms.ActiveCfg = Release|Any CPU
		{788FC1F6-0E4F-4989-B085-5BAFE98AFC3C}.Release|Mixed Platforms.Build.0 = Release|Any CPU
		{788FC1F6-0E4F-4989-B085-5BAFE98AFC3C}.Release|Win32.ActiveCfg = Release|Any CPU
		{AEE9408B-7E03-42AD-A0D9-A5B7F2D20B3C}.Debug|Any CPU.ActiveCfg = Debug|Any CPU
		{AEE9408B-7E03-42AD-A0D9-A5B7F2D20B3C}.Debug|Any CPU.Build.0 = Debug|Any CPU
		{AEE9408B-7E03-42AD-A0D9-A5B7F2D20B3C}.Debug|Mixed Platforms.ActiveCfg = Debug|Any CPU
		{AEE9408B-7E03-42AD-A0D9-A5B7F2D20B3C}.Debug|Mixed Platforms.Build.0 = Debug|Any CPU
		{AEE9408B-7E03-42AD-A0D9-A5B7F2D20B3C}.Debug|Win32.ActiveCfg = Debug|Any CPU
		{AEE9408B-7E03-42AD-A0D9-A5B7F2D20B3C}.Release|Any CPU.ActiveCfg = Release|Any CPU
		{AEE9408B-7E03-42AD-A0D9-A5B7F2D20B3C}.Release|Any CPU.Build.0 = Release|Any CPU
		{AEE9408B-7E03-42AD-A0D9-A5B7F2D20B3C}.Release|Mixed Platforms.ActiveCfg = Release|Any CPU
		{AEE9408B-7E03-42AD-A0D9-A5B7F2D20B3C}.Release|Mixed Platforms.Build.0 = Release|Any CPU
		{AEE9408B-7E03-42AD-A0D9-A5B7F2D20B3C}.Release|Win32.ActiveCfg = Release|Any CPU
		{60A03F8A-ED9C-4592-80D2-F282A060B022}.Debug|Any CPU.ActiveCfg = Debug|Any CPU
		{60A03F8A-ED9C-4592-80D2-F282A060B022}.Debug|Any CPU.Build.0 = Debug|Any CPU
		{60A03F8A-ED9C-4592-80D2-F282A060B022}.Debug|Mixed Platforms.ActiveCfg = Debug|Any CPU
		{60A03F8A-ED9C-4592-80D2-F282A060B022}.Debug|Mixed Platforms.Build.0 = Debug|Any CPU
		{60A03F8A-ED9C-4592-80D2-F282A060B022}.Debug|Win32.ActiveCfg = Debug|Any CPU
		{60A03F8A-ED9C-4592-80D2-F282A060B022}.Release|Any CPU.ActiveCfg = Release|Any CPU
		{60A03F8A-ED9C-4592-80D2-F282A060B022}.Release|Any CPU.Build.0 = Release|Any CPU
		{60A03F8A-ED9C-4592-80D2-F282A060B022}.Release|Mixed Platforms.ActiveCfg = Release|Any CPU
		{60A03F8A-ED9C-4592-80D2-F282A060B022}.Release|Mixed Platforms.Build.0 = Release|Any CPU
		{60A03F8A-ED9C-4592-80D2-F282A060B022}.Release|Win32.ActiveCfg = Release|Any CPU
		{4AF2996B-2068-4B8C-8470-BD16D900F0F8}.Debug|Any CPU.ActiveCfg = Debug|Any CPU
		{4AF2996B-2068-4B8C-8470-BD16D900F0F8}.Debug|Any CPU.Build.0 = Debug|Any CPU
		{4AF2996B-2068-4B8C-8470-BD16D900F0F8}.Debug|Mixed Platforms.ActiveCfg = Debug|Any CPU
		{4AF2996B-2068-4B8C-8470-BD16D900F0F8}.Debug|Mixed Platforms.Build.0 = Debug|Any CPU
		{4AF2996B-2068-4B8C-8470-BD16D900F0F8}.Debug|Win32.ActiveCfg = Debug|Any CPU
		{4AF2996B-2068-4B8C-8470-BD16D900F0F8}.Release|Any CPU.ActiveCfg = Release|Any CPU
		{4AF2996B-2068-4B8C-8470-BD16D900F0F8}.Release|Any CPU.Build.0 = Release|Any CPU
		{4AF2996B-2068-4B8C-8470-BD16D900F0F8}.Release|Mixed Platforms.ActiveCfg = Release|Any CPU
		{4AF2996B-2068-4B8C-8470-BD16D900F0F8}.Release|Mixed Platforms.Build.0 = Release|Any CPU
		{4AF2996B-2068-4B8C-8470-BD16D900F0F8}.Release|Win32.ActiveCfg = Release|Any CPU
		{C71CF6FD-F05E-4F5F-A1FF-51F4728F4F0B}.Debug|Any CPU.ActiveCfg = Debug|Any CPU
		{C71CF6FD-F05E-4F5F-A1FF-51F4728F4F0B}.Debug|Any CPU.Build.0 = Debug|Any CPU
		{C71CF6FD-F05E-4F5F-A1FF-51F4728F4F0B}.Debug|Mixed Platforms.ActiveCfg = Debug|Any CPU
		{C71CF6FD-F05E-4F5F-A1FF-51F4728F4F0B}.Debug|Mixed Platforms.Build.0 = Debug|Any CPU
		{C71CF6FD-F05E-4F5F-A1FF-51F4728F4F0B}.Debug|Win32.ActiveCfg = Debug|Any CPU
		{C71CF6FD-F05E-4F5F-A1FF-51F4728F4F0B}.Release|Any CPU.ActiveCfg = Release|Any CPU
		{C71CF6FD-F05E-4F5F-A1FF-51F4728F4F0B}.Release|Any CPU.Build.0 = Release|Any CPU
		{C71CF6FD-F05E-4F5F-A1FF-51F4728F4F0B}.Release|Mixed Platforms.ActiveCfg = Release|Any CPU
		{C71CF6FD-F05E-4F5F-A1FF-51F4728F4F0B}.Release|Mixed Platforms.Build.0 = Release|Any CPU
		{C71CF6FD-F05E-4F5F-A1FF-51F4728F4F0B}.Release|Win32.ActiveCfg = Release|Any CPU
		{30925E67-3B3B-4360-8202-AD537CB75E94}.Debug|Any CPU.ActiveCfg = Debug|Any CPU
		{30925E67-3B3B-4360-8202-AD537CB75E94}.Debug|Any CPU.Build.0 = Debug|Any CPU
		{30925E67-3B3B-4360-8202-AD537CB75E94}.Debug|Mixed Platforms.ActiveCfg = Debug|Any CPU
		{30925E67-3B3B-4360-8202-AD537CB75E94}.Debug|Mixed Platforms.Build.0 = Debug|Any CPU
		{30925E67-3B3B-4360-8202-AD537CB75E94}.Debug|Win32.ActiveCfg = Debug|Any CPU
		{30925E67-3B3B-4360-8202-AD537CB75E94}.Release|Any CPU.ActiveCfg = Release|Any CPU
		{30925E67-3B3B-4360-8202-AD537CB75E94}.Release|Any CPU.Build.0 = Release|Any CPU
		{30925E67-3B3B-4360-8202-AD537CB75E94}.Release|Mixed Platforms.ActiveCfg = Release|Any CPU
		{30925E67-3B3B-4360-8202-AD537CB75E94}.Release|Mixed Platforms.Build.0 = Release|Any CPU
		{30925E67-3B3B-4360-8202-AD537CB75E94}.Release|Win32.ActiveCfg = Release|Any CPU
		{09EBFAAF-00E8-48AE-B9B6-6973504DDAD6}.Debug|Any CPU.ActiveCfg = Debug|Any CPU
		{09EBFAAF-00E8-48AE-B9B6-6973504DDAD6}.Debug|Any CPU.Build.0 = Debug|Any CPU
		{09EBFAAF-00E8-48AE-B9B6-6973504DDAD6}.Debug|Mixed Platforms.ActiveCfg = Debug|Any CPU
		{09EBFAAF-00E8-48AE-B9B6-6973504DDAD6}.Debug|Mixed Platforms.Build.0 = Debug|Any CPU
		{09EBFAAF-00E8-48AE-B9B6-6973504DDAD6}.Debug|Win32.ActiveCfg = Debug|Any CPU
		{09EBFAAF-00E8-48AE-B9B6-6973504DDAD6}.Release|Any CPU.ActiveCfg = Release|Any CPU
		{09EBFAAF-00E8-48AE-B9B6-6973504DDAD6}.Release|Any CPU.Build.0 = Release|Any CPU
		{09EBFAAF-00E8-48AE-B9B6-6973504DDAD6}.Release|Mixed Platforms.ActiveCfg = Release|Any CPU
		{09EBFAAF-00E8-48AE-B9B6-6973504DDAD6}.Release|Mixed Platforms.Build.0 = Release|Any CPU
		{09EBFAAF-00E8-48AE-B9B6-6973504DDAD6}.Release|Win32.ActiveCfg = Release|Any CPU
		{B90A8360-A7E0-4A66-AEAD-55B53C6EA96D}.Debug|Any CPU.ActiveCfg = Debug|Any CPU
		{B90A8360-A7E0-4A66-AEAD-55B53C6EA96D}.Debug|Any CPU.Build.0 = Debug|Any CPU
		{B90A8360-A7E0-4A66-AEAD-55B53C6EA96D}.Debug|Mixed Platforms.ActiveCfg = Debug|Any CPU
		{B90A8360-A7E0-4A66-AEAD-55B53C6EA96D}.Debug|Mixed Platforms.Build.0 = Debug|Any CPU
		{B90A8360-A7E0-4A66-AEAD-55B53C6EA96D}.Debug|Win32.ActiveCfg = Debug|Any CPU
		{B90A8360-A7E0-4A66-AEAD-55B53C6EA96D}.Release|Any CPU.ActiveCfg = Release|Any CPU
		{B90A8360-A7E0-4A66-AEAD-55B53C6EA96D}.Release|Any CPU.Build.0 = Release|Any CPU
		{B90A8360-A7E0-4A66-AEAD-55B53C6EA96D}.Release|Mixed Platforms.ActiveCfg = Release|Any CPU
		{B90A8360-A7E0-4A66-AEAD-55B53C6EA96D}.Release|Mixed Platforms.Build.0 = Release|Any CPU
		{B90A8360-A7E0-4A66-AEAD-55B53C6EA96D}.Release|Win32.ActiveCfg = Release|Any CPU
		{5E3AE024-DB58-4933-9285-891D4FEB9383}.Debug|Any CPU.ActiveCfg = Debug|Any CPU
		{5E3AE024-DB58-4933-9285-891D4FEB9383}.Debug|Any CPU.Build.0 = Debug|Any CPU
		{5E3AE024-DB58-4933-9285-891D4FEB9383}.Debug|Mixed Platforms.ActiveCfg = Debug|Any CPU
		{5E3AE024-DB58-4933-9285-891D4FEB9383}.Debug|Mixed Platforms.Build.0 = Debug|Any CPU
		{5E3AE024-DB58-4933-9285-891D4FEB9383}.Debug|Win32.ActiveCfg = Debug|Any CPU
		{5E3AE024-DB58-4933-9285-891D4FEB9383}.Release|Any CPU.ActiveCfg = Release|Any CPU
		{5E3AE024-DB58-4933-9285-891D4FEB9383}.Release|Any CPU.Build.0 = Release|Any CPU
		{5E3AE024-DB58-4933-9285-891D4FEB9383}.Release|Mixed Platforms.ActiveCfg = Release|Any CPU
		{5E3AE024-DB58-4933-9285-891D4FEB9383}.Release|Mixed Platforms.Build.0 = Release|Any CPU
		{5E3AE024-DB58-4933-9285-891D4FEB9383}.Release|Win32.ActiveCfg = Release|Any CPU
		{736CE8EA-1A06-42B6-9D49-59061A4F16A2}.Debug|Any CPU.ActiveCfg = Debug|Any CPU
		{736CE8EA-1A06-42B6-9D49-59061A4F16A2}.Debug|Any CPU.Build.0 = Debug|Any CPU
		{736CE8EA-1A06-42B6-9D49-59061A4F16A2}.Debug|Mixed Platforms.ActiveCfg = Debug|Any CPU
		{736CE8EA-1A06-42B6-9D49-59061A4F16A2}.Debug|Mixed Platforms.Build.0 = Debug|Any CPU
		{736CE8EA-1A06-42B6-9D49-59061A4F16A2}.Debug|Win32.ActiveCfg = Debug|Any CPU
		{736CE8EA-1A06-42B6-9D49-59061A4F16A2}.Release|Any CPU.ActiveCfg = Release|Any CPU
		{736CE8EA-1A06-42B6-9D49-59061A4F16A2}.Release|Any CPU.Build.0 = Release|Any CPU
		{736CE8EA-1A06-42B6-9D49-59061A4F16A2}.Release|Mixed Platforms.ActiveCfg = Release|Any CPU
		{736CE8EA-1A06-42B6-9D49-59061A4F16A2}.Release|Mixed Platforms.Build.0 = Release|Any CPU
		{736CE8EA-1A06-42B6-9D49-59061A4F16A2}.Release|Win32.ActiveCfg = Release|Any CPU
		{04888D89-A145-44E7-B357-C14E9C8B5958}.Debug|Any CPU.ActiveCfg = Debug|Any CPU
		{04888D89-A145-44E7-B357-C14E9C8B5958}.Debug|Any CPU.Build.0 = Debug|Any CPU
		{04888D89-A145-44E7-B357-C14E9C8B5958}.Debug|Mixed Platforms.ActiveCfg = Debug|Any CPU
		{04888D89-A145-44E7-B357-C14E9C8B5958}.Debug|Mixed Platforms.Build.0 = Debug|Any CPU
		{04888D89-A145-44E7-B357-C14E9C8B5958}.Debug|Win32.ActiveCfg = Debug|Any CPU
		{04888D89-A145-44E7-B357-C14E9C8B5958}.Release|Any CPU.ActiveCfg = Release|Any CPU
		{04888D89-A145-44E7-B357-C14E9C8B5958}.Release|Any CPU.Build.0 = Release|Any CPU
		{04888D89-A145-44E7-B357-C14E9C8B5958}.Release|Mixed Platforms.ActiveCfg = Release|Any CPU
		{04888D89-A145-44E7-B357-C14E9C8B5958}.Release|Mixed Platforms.Build.0 = Release|Any CPU
		{04888D89-A145-44E7-B357-C14E9C8B5958}.Release|Win32.ActiveCfg = Release|Any CPU
	EndGlobalSection
	GlobalSection(SolutionProperties) = preSolution
		HideSolutionNode = FALSE
	EndGlobalSection
	GlobalSection(NestedProjects) = preSolution
		{119000A6-3783-4276-805B-DC59B96EA51B} = {81BC8268-B798-4863-BD7A-32B6BC4AF7E4}
		{011C09A5-0A95-4EB7-99BB-EB5E3FB0B97C} = {81BC8268-B798-4863-BD7A-32B6BC4AF7E4}
		{ADBA2F98-B563-4258-85D1-5A965675C043} = {81BC8268-B798-4863-BD7A-32B6BC4AF7E4}
		{9E518563-40C4-41CD-98E4-480C952DA123} = {011C09A5-0A95-4EB7-99BB-EB5E3FB0B97C}
		{48C07866-FB0A-4FD7-8142-6955BD62E7B0} = {119000A6-3783-4276-805B-DC59B96EA51B}
		{58DB6E91-4B1F-4C08-8925-E02A79708272} = {011C09A5-0A95-4EB7-99BB-EB5E3FB0B97C}
		{BAB42EC0-98F1-464E-AB3D-39B1E7FE0AB3} = {119000A6-3783-4276-805B-DC59B96EA51B}
		{0A33E3B7-E3B8-425C-B8F9-BFEE8DC1850F} = {011C09A5-0A95-4EB7-99BB-EB5E3FB0B97C}
		{788FC1F6-0E4F-4989-B085-5BAFE98AFC3C} = {011C09A5-0A95-4EB7-99BB-EB5E3FB0B97C}
		{60A03F8A-ED9C-4592-80D2-F282A060B022} = {ADBA2F98-B563-4258-85D1-5A965675C043}
		{4AF2996B-2068-4B8C-8470-BD16D900F0F8} = {ADBA2F98-B563-4258-85D1-5A965675C043}
		{C71CF6FD-F05E-4F5F-A1FF-51F4728F4F0B} = {ADBA2F98-B563-4258-85D1-5A965675C043}
		{30925E67-3B3B-4360-8202-AD537CB75E94} = {81BC8268-B798-4863-BD7A-32B6BC4AF7E4}
		{09EBFAAF-00E8-48AE-B9B6-6973504DDAD6} = {ADBA2F98-B563-4258-85D1-5A965675C043}
		{B90A8360-A7E0-4A66-AEAD-55B53C6EA96D} = {ADBA2F98-B563-4258-85D1-5A965675C043}
		{5E3AE024-DB58-4933-9285-891D4FEB9383} = {119000A6-3783-4276-805B-DC59B96EA51B}
		{736CE8EA-1A06-42B6-9D49-59061A4F16A2} = {ADBA2F98-B563-4258-85D1-5A965675C043}
		{04888D89-A145-44E7-B357-C14E9C8B5958} = {119000A6-3783-4276-805B-DC59B96EA51B}
	EndGlobalSection
EndGlobal
