
Microsoft Visual Studio Solution File, Format Version 10.00
# Visual C# Express 2008
Project("{FAE04EC0-301F-11D3-BF4B-00C04F79EFBC}") = "NyARToolkitCS", "NyARToolkitCS\NyARToolkitCS.csproj", "{80391577-476D-4DAD-A4F8-F03C726ACBD8}"
EndProject
Project("{FAE04EC0-301F-11D3-BF4B-00C04F79EFBC}") = "CaptureTest", "sample\CaptureTest\CaptureTest.csproj", "{BAB42EC0-98F1-464E-AB3D-39B1E7FE0AB3}"
EndProject
Project("{FAE04EC0-301F-11D3-BF4B-00C04F79EFBC}") = "NyARToolkitCSUtils", "NyARToolkitCSUtils\NyARToolkitCSUtils.csproj", "{1D202933-65C8-4568-9756-87E57D294132}"
EndProject
Project("{FAE04EC0-301F-11D3-BF4B-00C04F79EFBC}") = "SimpleLiteDirect3d", "sample\SimpleLiteDirect3d\SimpleLiteDirect3d.csproj", "{9E518563-40C4-41CD-98E4-480C952DA123}"
	ProjectSection(ProjectDependencies) = postProject
		{1D202933-65C8-4568-9756-87E57D294132} = {1D202933-65C8-4568-9756-87E57D294132}
	EndProjectSection
EndProject
Project("{FAE04EC0-301F-11D3-BF4B-00C04F79EFBC}") = "RawTest", "sample\RawTest\RawTest.csproj", "{48C07866-FB0A-4FD7-8142-6955BD62E7B0}"
EndProject
Project("{FAE04EC0-301F-11D3-BF4B-00C04F79EFBC}") = "NyARToolkitCS.sandbox", "NyARToolkitCS.sandbox\NyARToolkitCS.sandbox.csproj", "{07B19A8B-33C7-4234-8FF6-2FF240B819AA}"
	ProjectSection(ProjectDependencies) = postProject
		{1D202933-65C8-4568-9756-87E57D294132} = {1D202933-65C8-4568-9756-87E57D294132}
		{80391577-476D-4DAD-A4F8-F03C726ACBD8} = {80391577-476D-4DAD-A4F8-F03C726ACBD8}
	EndProjectSection
EndProject
Global
	GlobalSection(SolutionConfigurationPlatforms) = preSolution
		Debug|Any CPU = Debug|Any CPU
		Release|Any CPU = Release|Any CPU
	EndGlobalSection
	GlobalSection(ProjectConfigurationPlatforms) = postSolution
		{80391577-476D-4DAD-A4F8-F03C726ACBD8}.Debug|Any CPU.ActiveCfg = Debug|Any CPU
		{80391577-476D-4DAD-A4F8-F03C726ACBD8}.Debug|Any CPU.Build.0 = Debug|Any CPU
		{80391577-476D-4DAD-A4F8-F03C726ACBD8}.Release|Any CPU.ActiveCfg = Release|Any CPU
		{80391577-476D-4DAD-A4F8-F03C726ACBD8}.Release|Any CPU.Build.0 = Release|Any CPU
		{BAB42EC0-98F1-464E-AB3D-39B1E7FE0AB3}.Debug|Any CPU.ActiveCfg = Debug|Any CPU
		{BAB42EC0-98F1-464E-AB3D-39B1E7FE0AB3}.Debug|Any CPU.Build.0 = Debug|Any CPU
		{BAB42EC0-98F1-464E-AB3D-39B1E7FE0AB3}.Release|Any CPU.ActiveCfg = Release|Any CPU
		{BAB42EC0-98F1-464E-AB3D-39B1E7FE0AB3}.Release|Any CPU.Build.0 = Release|Any CPU
		{1D202933-65C8-4568-9756-87E57D294132}.Debug|Any CPU.ActiveCfg = Debug|Any CPU
		{1D202933-65C8-4568-9756-87E57D294132}.Debug|Any CPU.Build.0 = Debug|Any CPU
		{1D202933-65C8-4568-9756-87E57D294132}.Release|Any CPU.ActiveCfg = Release|Any CPU
		{1D202933-65C8-4568-9756-87E57D294132}.Release|Any CPU.Build.0 = Release|Any CPU
		{9E518563-40C4-41CD-98E4-480C952DA123}.Debug|Any CPU.ActiveCfg = Debug|Any CPU
		{9E518563-40C4-41CD-98E4-480C952DA123}.Debug|Any CPU.Build.0 = Debug|Any CPU
		{9E518563-40C4-41CD-98E4-480C952DA123}.Release|Any CPU.ActiveCfg = Release|Any CPU
		{9E518563-40C4-41CD-98E4-480C952DA123}.Release|Any CPU.Build.0 = Release|Any CPU
		{48C07866-FB0A-4FD7-8142-6955BD62E7B0}.Debug|Any CPU.ActiveCfg = Debug|Any CPU
		{48C07866-FB0A-4FD7-8142-6955BD62E7B0}.Debug|Any CPU.Build.0 = Debug|Any CPU
		{48C07866-FB0A-4FD7-8142-6955BD62E7B0}.Release|Any CPU.ActiveCfg = Release|Any CPU
		{48C07866-FB0A-4FD7-8142-6955BD62E7B0}.Release|Any CPU.Build.0 = Release|Any CPU
		{07B19A8B-33C7-4234-8FF6-2FF240B819AA}.Debug|Any CPU.ActiveCfg = Debug|Any CPU
		{07B19A8B-33C7-4234-8FF6-2FF240B819AA}.Debug|Any CPU.Build.0 = Debug|Any CPU
		{07B19A8B-33C7-4234-8FF6-2FF240B819AA}.Release|Any CPU.ActiveCfg = Release|Any CPU
		{07B19A8B-33C7-4234-8FF6-2FF240B819AA}.Release|Any CPU.Build.0 = Release|Any CPU
	EndGlobalSection
	GlobalSection(SolutionProperties) = preSolution
		HideSolutionNode = FALSE
	EndGlobalSection
EndGlobal
